
Microsoft Visual Studio Solution File, Format Version 12.00
# Visual Studio Version 17
VisualStudioVersion = 17.3.32901.215
MinimumVisualStudioVersion = 10.0.40219.1
Project("{FAE04EC0-301F-11D3-BF4B-00C04F79EFBC}") = "01 Methods", "01 Methods.csproj", "{59788452-39EE-4B40-AE21-E71925676403}"
EndProject
Project("{FAE04EC0-301F-11D3-BF4B-00C04F79EFBC}") = "04 BOQCalculator", "..\BOQCalculator\04 BOQCalculator.csproj", "{BA450097-FA13-4921-B676-2504C23DA42B}"
EndProject
Project("{FAE04EC0-301F-11D3-BF4B-00C04F79EFBC}") = "02 List", "..\01 List\02 List.csproj", "{9A76EC1B-FC4F-4BA1-A435-C15E23B69350}"
EndProject
Project("{FAE04EC0-301F-11D3-BF4B-00C04F79EFBC}") = "03 Exception Handeling", "..\03 Exception Handeling\03 Exception Handeling.csproj", "{D86B0815-BA22-4D9B-BFBC-D5076E48BC6A}"
EndProject
Project("{FAE04EC0-301F-11D3-BF4B-00C04F79EFBC}") = "05 AECTask", "..\AECTask\05 AECTask.csproj", "{863BED8E-82C5-4C5F-9509-C422594CE385}"
EndProject
Global
	GlobalSection(SolutionConfigurationPlatforms) = preSolution
		Debug|Any CPU = Debug|Any CPU
		Release|Any CPU = Release|Any CPU
	EndGlobalSection
	GlobalSection(ProjectConfigurationPlatforms) = postSolution
		{59788452-39EE-4B40-AE21-E71925676403}.Debug|Any CPU.ActiveCfg = Debug|Any CPU
		{59788452-39EE-4B40-AE21-E71925676403}.Debug|Any CPU.Build.0 = Debug|Any CPU
		{59788452-39EE-4B40-AE21-E71925676403}.Release|Any CPU.ActiveCfg = Release|Any CPU
		{59788452-39EE-4B40-AE21-E71925676403}.Release|Any CPU.Build.0 = Release|Any CPU
		{BA450097-FA13-4921-B676-2504C23DA42B}.Debug|Any CPU.ActiveCfg = Debug|Any CPU
		{BA450097-FA13-4921-B676-2504C23DA42B}.Debug|Any CPU.Build.0 = Debug|Any CPU
		{BA450097-FA13-4921-B676-2504C23DA42B}.Release|Any CPU.ActiveCfg = Release|Any CPU
		{BA450097-FA13-4921-B676-2504C23DA42B}.Release|Any CPU.Build.0 = Release|Any CPU
		{9A76EC1B-FC4F-4BA1-A435-C15E23B69350}.Debug|Any CPU.ActiveCfg = Debug|Any CPU
		{9A76EC1B-FC4F-4BA1-A435-C15E23B69350}.Debug|Any CPU.Build.0 = Debug|Any CPU
		{9A76EC1B-FC4F-4BA1-A435-C15E23B69350}.Release|Any CPU.ActiveCfg = Release|Any CPU
		{9A76EC1B-FC4F-4BA1-A435-C15E23B69350}.Release|Any CPU.Build.0 = Release|Any CPU
		{D86B0815-BA22-4D9B-BFBC-D5076E48BC6A}.Debug|Any CPU.ActiveCfg = Debug|Any CPU
		{D86B0815-BA22-4D9B-BFBC-D5076E48BC6A}.Debug|Any CPU.Build.0 = Debug|Any CPU
		{D86B0815-BA22-4D9B-BFBC-D5076E48BC6A}.Release|Any CPU.ActiveCfg = Release|Any CPU
		{D86B0815-BA22-4D9B-BFBC-D5076E48BC6A}.Release|Any CPU.Build.0 = Release|Any CPU
		{863BED8E-82C5-4C5F-9509-C422594CE385}.Debug|Any CPU.ActiveCfg = Debug|Any CPU
		{863BED8E-82C5-4C5F-9509-C422594CE385}.Debug|Any CPU.Build.0 = Debug|Any CPU
		{863BED8E-82C5-4C5F-9509-C422594CE385}.Release|Any CPU.ActiveCfg = Release|Any CPU
		{863BED8E-82C5-4C5F-9509-C422594CE385}.Release|Any CPU.Build.0 = Release|Any CPU
	EndGlobalSection
	GlobalSection(SolutionProperties) = preSolution
		HideSolutionNode = FALSE
	EndGlobalSection
	GlobalSection(ExtensibilityGlobals) = postSolution
		SolutionGuid = {F5F36910-1F1D-4D25-942E-A4D5A47D52C1}
	EndGlobalSection
EndGlobal
